
Microsoft Visual Studio Solution File, Format Version 12.00
# Visual Studio 14
VisualStudioVersion = 14.0.25420.1
MinimumVisualStudioVersion = 10.0.40219.1
Project("{FAE04EC0-301F-11D3-BF4B-00C04F79EFBC}") = "DevelopmentMetrics.Console", "DevelopmentMetrics.Console\DevelopmentMetrics.Console.csproj", "{5C2E5633-F9DD-4633-B406-F720028BEE3F}"
EndProject
Project("{FAE04EC0-301F-11D3-BF4B-00C04F79EFBC}") = "DevelopmentMetrics.Tests", "DevelopmentMetrics.Tests\DevelopmentMetrics.Tests.csproj", "{76E8FB0D-3689-44A8-95D6-D4BA6D90C72D}"
EndProject
Project("{FAE04EC0-301F-11D3-BF4B-00C04F79EFBC}") = "DevelopmentMetrics", "DevelopmentMetrics\DevelopmentMetrics.csproj", "{1DCA05E1-FC8B-4C83-978E-5A1CD4FBC1E5}"
EndProject
Project("{FAE04EC0-301F-11D3-BF4B-00C04F79EFBC}") = "DevelopmentMetrics.Website", "DevelopmentMetrics.Website\DevelopmentMetrics.Website.csproj", "{BFD5C5FF-F5DA-491A-BA09-876A2A5F8016}"
EndProject
Project("{FAE04EC0-301F-11D3-BF4B-00C04F79EFBC}") = "DevelopmentMetrics.Website.Tests", "DevelopmentMetrics.Website.Tests\DevelopmentMetrics.Website.Tests.csproj", "{6F742F63-417D-4218-9502-CC6666FA2846}"
EndProject
Global
	GlobalSection(SolutionConfigurationPlatforms) = preSolution
		Debug|Any CPU = Debug|Any CPU
		Release|Any CPU = Release|Any CPU
	EndGlobalSection
	GlobalSection(ProjectConfigurationPlatforms) = postSolution
		{5C2E5633-F9DD-4633-B406-F720028BEE3F}.Debug|Any CPU.ActiveCfg = Debug|Any CPU
		{5C2E5633-F9DD-4633-B406-F720028BEE3F}.Debug|Any CPU.Build.0 = Debug|Any CPU
		{5C2E5633-F9DD-4633-B406-F720028BEE3F}.Release|Any CPU.ActiveCfg = Release|Any CPU
		{5C2E5633-F9DD-4633-B406-F720028BEE3F}.Release|Any CPU.Build.0 = Release|Any CPU
		{76E8FB0D-3689-44A8-95D6-D4BA6D90C72D}.Debug|Any CPU.ActiveCfg = Debug|Any CPU
		{76E8FB0D-3689-44A8-95D6-D4BA6D90C72D}.Debug|Any CPU.Build.0 = Debug|Any CPU
		{76E8FB0D-3689-44A8-95D6-D4BA6D90C72D}.Release|Any CPU.ActiveCfg = Release|Any CPU
		{76E8FB0D-3689-44A8-95D6-D4BA6D90C72D}.Release|Any CPU.Build.0 = Release|Any CPU
		{1DCA05E1-FC8B-4C83-978E-5A1CD4FBC1E5}.Debug|Any CPU.ActiveCfg = Debug|Any CPU
		{1DCA05E1-FC8B-4C83-978E-5A1CD4FBC1E5}.Debug|Any CPU.Build.0 = Debug|Any CPU
		{1DCA05E1-FC8B-4C83-978E-5A1CD4FBC1E5}.Release|Any CPU.ActiveCfg = Release|Any CPU
		{1DCA05E1-FC8B-4C83-978E-5A1CD4FBC1E5}.Release|Any CPU.Build.0 = Release|Any CPU
		{BFD5C5FF-F5DA-491A-BA09-876A2A5F8016}.Debug|Any CPU.ActiveCfg = Debug|Any CPU
		{BFD5C5FF-F5DA-491A-BA09-876A2A5F8016}.Debug|Any CPU.Build.0 = Debug|Any CPU
		{BFD5C5FF-F5DA-491A-BA09-876A2A5F8016}.Release|Any CPU.ActiveCfg = Release|Any CPU
		{BFD5C5FF-F5DA-491A-BA09-876A2A5F8016}.Release|Any CPU.Build.0 = Release|Any CPU
		{6F742F63-417D-4218-9502-CC6666FA2846}.Debug|Any CPU.ActiveCfg = Debug|Any CPU
		{6F742F63-417D-4218-9502-CC6666FA2846}.Debug|Any CPU.Build.0 = Debug|Any CPU
		{6F742F63-417D-4218-9502-CC6666FA2846}.Release|Any CPU.ActiveCfg = Release|Any CPU
		{6F742F63-417D-4218-9502-CC6666FA2846}.Release|Any CPU.Build.0 = Release|Any CPU
	EndGlobalSection
	GlobalSection(SolutionProperties) = preSolution
		HideSolutionNode = FALSE
	EndGlobalSection
EndGlobal
